
Microsoft Visual Studio Solution File, Format Version 12.00
# Visual Studio Version 17
VisualStudioVersion = 17.0.31903.59
MinimumVisualStudioVersion = 10.0.40219.1
Project("{2150E333-8FDC-42A3-9474-1A3956D46DE8}") = "Common", "Common", "{1D1551C6-6DB4-4795-B3C3-FEECD827B582}"
EndProject
Project("{9A19103F-16F7-4668-BE54-9A1E7A4F7556}") = "EthereumT.Domain", "Common\EthereumT.Domain\EthereumT.Domain.csproj", "{6DD07F7E-DDAB-476F-89FB-B9B4F9289D6A}"
EndProject
Project("{9A19103F-16F7-4668-BE54-9A1E7A4F7556}") = "EthereumT.Domain.Base", "Common\EthereumT.Domain.Base\EthereumT.Domain.Base.csproj", "{6582CDE3-E6A5-43D9-BB14-59BA79330A04}"
EndProject
Project("{2150E333-8FDC-42A3-9474-1A3956D46DE8}") = "DAL", "DAL", "{2B66FA5C-8FF5-4B1C-BC64-67A5055C52AC}"
	ProjectSection(SolutionItems) = preProject
		Common\EthereumT.Domain.Base\Repositories\Base\IRepositoryAsync.cs = Common\EthereumT.Domain.Base\Repositories\Base\IRepositoryAsync.cs
	EndProjectSection
EndProject
Project("{9A19103F-16F7-4668-BE54-9A1E7A4F7556}") = "EthereumT.DAL", "DAL\EthereumT.DAL\EthereumT.DAL.csproj", "{60143D93-D918-413E-B39B-19DA2EBF2C3F}"
EndProject
Project("{9A19103F-16F7-4668-BE54-9A1E7A4F7556}") = "EthereumT.PgSQL", "DAL\EthereumT.PgSQL\EthereumT.PgSQL.csproj", "{0AA07F35-9485-4855-8474-973498C86274}"
EndProject
Project("{2150E333-8FDC-42A3-9474-1A3956D46DE8}") = "Services", "Services", "{C68459B3-6680-440D-8A67-4A63097D7425}"
EndProject
Project("{9A19103F-16F7-4668-BE54-9A1E7A4F7556}") = "EthereumT.Api", "Services\EthereumT.Api\EthereumT.Api.csproj", "{60BCC26A-0437-408F-897B-FE4B5B362622}"
EndProject
Project("{9A19103F-16F7-4668-BE54-9A1E7A4F7556}") = "EthereumT.Web", "EthereumT.Web\EthereumT.Web.csproj", "{85453A6C-56D7-414E-A260-694F8B2D6FEA}"
EndProject
Project("{9A19103F-16F7-4668-BE54-9A1E7A4F7556}") = "EthereumT.Common", "Common\EthereumT.Common\EthereumT.Common.csproj", "{5A470B2D-681D-4432-8468-9D53A8C2CE7A}"
EndProject
Global
	GlobalSection(SolutionConfigurationPlatforms) = preSolution
		Debug|Any CPU = Debug|Any CPU
		Release|Any CPU = Release|Any CPU
	EndGlobalSection
	GlobalSection(ProjectConfigurationPlatforms) = postSolution
		{6DD07F7E-DDAB-476F-89FB-B9B4F9289D6A}.Debug|Any CPU.ActiveCfg = Debug|Any CPU
		{6DD07F7E-DDAB-476F-89FB-B9B4F9289D6A}.Debug|Any CPU.Build.0 = Debug|Any CPU
		{6DD07F7E-DDAB-476F-89FB-B9B4F9289D6A}.Release|Any CPU.ActiveCfg = Release|Any CPU
		{6DD07F7E-DDAB-476F-89FB-B9B4F9289D6A}.Release|Any CPU.Build.0 = Release|Any CPU
		{6582CDE3-E6A5-43D9-BB14-59BA79330A04}.Debug|Any CPU.ActiveCfg = Debug|Any CPU
		{6582CDE3-E6A5-43D9-BB14-59BA79330A04}.Debug|Any CPU.Build.0 = Debug|Any CPU
		{6582CDE3-E6A5-43D9-BB14-59BA79330A04}.Release|Any CPU.ActiveCfg = Release|Any CPU
		{6582CDE3-E6A5-43D9-BB14-59BA79330A04}.Release|Any CPU.Build.0 = Release|Any CPU
		{60143D93-D918-413E-B39B-19DA2EBF2C3F}.Debug|Any CPU.ActiveCfg = Debug|Any CPU
		{60143D93-D918-413E-B39B-19DA2EBF2C3F}.Debug|Any CPU.Build.0 = Debug|Any CPU
		{60143D93-D918-413E-B39B-19DA2EBF2C3F}.Release|Any CPU.ActiveCfg = Release|Any CPU
		{60143D93-D918-413E-B39B-19DA2EBF2C3F}.Release|Any CPU.Build.0 = Release|Any CPU
		{0AA07F35-9485-4855-8474-973498C86274}.Debug|Any CPU.ActiveCfg = Debug|Any CPU
		{0AA07F35-9485-4855-8474-973498C86274}.Debug|Any CPU.Build.0 = Debug|Any CPU
		{0AA07F35-9485-4855-8474-973498C86274}.Release|Any CPU.ActiveCfg = Release|Any CPU
		{0AA07F35-9485-4855-8474-973498C86274}.Release|Any CPU.Build.0 = Release|Any CPU
		{60BCC26A-0437-408F-897B-FE4B5B362622}.Debug|Any CPU.ActiveCfg = Debug|Any CPU
		{60BCC26A-0437-408F-897B-FE4B5B362622}.Debug|Any CPU.Build.0 = Debug|Any CPU
		{60BCC26A-0437-408F-897B-FE4B5B362622}.Release|Any CPU.ActiveCfg = Release|Any CPU
		{60BCC26A-0437-408F-897B-FE4B5B362622}.Release|Any CPU.Build.0 = Release|Any CPU
		{85453A6C-56D7-414E-A260-694F8B2D6FEA}.Debug|Any CPU.ActiveCfg = Debug|Any CPU
		{85453A6C-56D7-414E-A260-694F8B2D6FEA}.Debug|Any CPU.Build.0 = Debug|Any CPU
		{85453A6C-56D7-414E-A260-694F8B2D6FEA}.Release|Any CPU.ActiveCfg = Release|Any CPU
		{85453A6C-56D7-414E-A260-694F8B2D6FEA}.Release|Any CPU.Build.0 = Release|Any CPU
		{5A470B2D-681D-4432-8468-9D53A8C2CE7A}.Debug|Any CPU.ActiveCfg = Debug|Any CPU
		{5A470B2D-681D-4432-8468-9D53A8C2CE7A}.Debug|Any CPU.Build.0 = Debug|Any CPU
		{5A470B2D-681D-4432-8468-9D53A8C2CE7A}.Release|Any CPU.ActiveCfg = Release|Any CPU
		{5A470B2D-681D-4432-8468-9D53A8C2CE7A}.Release|Any CPU.Build.0 = Release|Any CPU
	EndGlobalSection
	GlobalSection(SolutionProperties) = preSolution
		HideSolutionNode = FALSE
	EndGlobalSection
	GlobalSection(NestedProjects) = preSolution
		{6DD07F7E-DDAB-476F-89FB-B9B4F9289D6A} = {1D1551C6-6DB4-4795-B3C3-FEECD827B582}
		{6582CDE3-E6A5-43D9-BB14-59BA79330A04} = {1D1551C6-6DB4-4795-B3C3-FEECD827B582}
		{60143D93-D918-413E-B39B-19DA2EBF2C3F} = {2B66FA5C-8FF5-4B1C-BC64-67A5055C52AC}
		{0AA07F35-9485-4855-8474-973498C86274} = {2B66FA5C-8FF5-4B1C-BC64-67A5055C52AC}
		{60BCC26A-0437-408F-897B-FE4B5B362622} = {C68459B3-6680-440D-8A67-4A63097D7425}
		{5A470B2D-681D-4432-8468-9D53A8C2CE7A} = {1D1551C6-6DB4-4795-B3C3-FEECD827B582}
	EndGlobalSection
	GlobalSection(ExtensibilityGlobals) = postSolution
		SolutionGuid = {5F8E0C82-5841-4782-A348-D39D375B0869}
	EndGlobalSection
EndGlobal
